
Microsoft Visual Studio Solution File, Format Version 12.00
# Visual Studio Version 17
VisualStudioVersion = 17.9.34728.123
MinimumVisualStudioVersion = 10.0.40219.1
Project("{FAE04EC0-301F-11D3-BF4B-00C04F79EFBC}") = "hesap-makinesi", "hesap-makinesi.csproj", "{D5983E69-B53D-4431-A4EE-86E40E52947A}"
EndProject
Global
	GlobalSection(SolutionConfigurationPlatforms) = preSolution
		Debug|Any CPU = Debug|Any CPU
		Release|Any CPU = Release|Any CPU
	EndGlobalSection
	GlobalSection(ProjectConfigurationPlatforms) = postSolution
		{D5983E69-B53D-4431-A4EE-86E40E52947A}.Debug|Any CPU.ActiveCfg = Debug|Any CPU
		{D5983E69-B53D-4431-A4EE-86E40E52947A}.Debug|Any CPU.Build.0 = Debug|Any CPU
		{D5983E69-B53D-4431-A4EE-86E40E52947A}.Release|Any CPU.ActiveCfg = Release|Any CPU
		{D5983E69-B53D-4431-A4EE-86E40E52947A}.Release|Any CPU.Build.0 = Release|Any CPU
	EndGlobalSection
	GlobalSection(SolutionProperties) = preSolution
		HideSolutionNode = FALSE
	EndGlobalSection
	GlobalSection(ExtensibilityGlobals) = postSolution
		SolutionGuid = {6B7BCB25-0AE0-48FE-8892-7B8C48835E02}
	EndGlobalSection
EndGlobal
