
Microsoft Visual Studio Solution File, Format Version 12.00
# Visual Studio Version 17
VisualStudioVersion = 17.9.34728.123
MinimumVisualStudioVersion = 10.0.40219.1
Project("{FAE04EC0-301F-11D3-BF4B-00C04F79EFBC}") = "quiz", "quiz.csproj", "{456C99C7-F5E5-4FD6-AFC5-090110F7DD7C}"
EndProject
Global
	GlobalSection(SolutionConfigurationPlatforms) = preSolution
		Debug|Any CPU = Debug|Any CPU
		Release|Any CPU = Release|Any CPU
	EndGlobalSection
	GlobalSection(ProjectConfigurationPlatforms) = postSolution
		{456C99C7-F5E5-4FD6-AFC5-090110F7DD7C}.Debug|Any CPU.ActiveCfg = Debug|Any CPU
		{456C99C7-F5E5-4FD6-AFC5-090110F7DD7C}.Debug|Any CPU.Build.0 = Debug|Any CPU
		{456C99C7-F5E5-4FD6-AFC5-090110F7DD7C}.Release|Any CPU.ActiveCfg = Release|Any CPU
		{456C99C7-F5E5-4FD6-AFC5-090110F7DD7C}.Release|Any CPU.Build.0 = Release|Any CPU
	EndGlobalSection
	GlobalSection(SolutionProperties) = preSolution
		HideSolutionNode = FALSE
	EndGlobalSection
	GlobalSection(ExtensibilityGlobals) = postSolution
		SolutionGuid = {2EF2FA1B-B43F-4E81-A627-726489EF216E}
	EndGlobalSection
EndGlobal
